Microsoft Visual Studio Solution File, Format Version 12.00
# Visual Studio Version 17
VisualStudioVersion = 17.5.2.0
MinimumVisualStudioVersion = 10.0.40219.1
Project("{FAE04EC0-301F-11D3-BF4B-00C04F79EFBC}") = "CrochetJournal", "CrochetJournal.csproj", "{067AC8AD-0AF9-0CC7-DDF6-A04CEDB60223}"
EndProject
Global
	GlobalSection(SolutionConfigurationPlatforms) = preSolution
		Debug|Any CPU = Debug|Any CPU
		Release|Any CPU = Release|Any CPU
	EndGlobalSection
	GlobalSection(ProjectConfigurationPlatforms) = postSolution
		{067AC8AD-0AF9-0CC7-DDF6-A04CEDB60223}.Debug|Any CPU.ActiveCfg = Debug|Any CPU
		{067AC8AD-0AF9-0CC7-DDF6-A04CEDB60223}.Debug|Any CPU.Build.0 = Debug|Any CPU
		{067AC8AD-0AF9-0CC7-DDF6-A04CEDB60223}.Release|Any CPU.ActiveCfg = Release|Any CPU
		{067AC8AD-0AF9-0CC7-DDF6-A04CEDB60223}.Release|Any CPU.Build.0 = Release|Any CPU
	EndGlobalSection
	GlobalSection(SolutionProperties) = preSolution
		HideSolutionNode = FALSE
	EndGlobalSection
	GlobalSection(ExtensibilityGlobals) = postSolution
		SolutionGuid = {54EB71C4-E1BB-4DB4-9751-E04E7796DE70}
	EndGlobalSection
EndGlobal
